
Microsoft Visual Studio Solution File, Format Version 12.00
Project("{FAE04EC0-301F-11D3-BF4B-00C04F79EFBC}") = "lemonSpire2", "lemonSpire2.csproj", "{55BB8041-6D89-4339-A825-D391A4EFAC38}"
EndProject
Project("{FAE04EC0-301F-11D3-BF4B-00C04F79EFBC}") = "lemonSpire2.Tests", "lemonSpire2.Tests\lemonSpire2.Tests.csproj", "{433222E4-CF3E-4B6B-955E-EE4A5419D21E}"
EndProject
Global
	GlobalSection(SolutionConfigurationPlatforms) = preSolution
		Debug|Any CPU = Debug|Any CPU
		ExportDebug|Any CPU = ExportDebug|Any CPU
		ExportRelease|Any CPU = ExportRelease|Any CPU
	EndGlobalSection
	GlobalSection(ProjectConfigurationPlatforms) = postSolution
		{55BB8041-6D89-4339-A825-D391A4EFAC38}.Debug|Any CPU.ActiveCfg = Debug|Any CPU
		{55BB8041-6D89-4339-A825-D391A4EFAC38}.Debug|Any CPU.Build.0 = Debug|Any CPU
		{55BB8041-6D89-4339-A825-D391A4EFAC38}.ExportDebug|Any CPU.ActiveCfg = ExportDebug|Any CPU
		{55BB8041-6D89-4339-A825-D391A4EFAC38}.ExportDebug|Any CPU.Build.0 = ExportDebug|Any CPU
		{55BB8041-6D89-4339-A825-D391A4EFAC38}.ExportRelease|Any CPU.ActiveCfg = ExportRelease|Any CPU
		{55BB8041-6D89-4339-A825-D391A4EFAC38}.ExportRelease|Any CPU.Build.0 = ExportRelease|Any CPU
		{433222E4-CF3E-4B6B-955E-EE4A5419D21E}.Debug|Any CPU.ActiveCfg = Debug|Any CPU
		{433222E4-CF3E-4B6B-955E-EE4A5419D21E}.Debug|Any CPU.Build.0 = Debug|Any CPU
		{433222E4-CF3E-4B6B-955E-EE4A5419D21E}.ExportDebug|Any CPU.ActiveCfg = Debug|Any CPU
		{433222E4-CF3E-4B6B-955E-EE4A5419D21E}.ExportDebug|Any CPU.Build.0 = Debug|Any CPU
		{433222E4-CF3E-4B6B-955E-EE4A5419D21E}.ExportRelease|Any CPU.ActiveCfg = Release|Any CPU
		{433222E4-CF3E-4B6B-955E-EE4A5419D21E}.ExportRelease|Any CPU.Build.0 = Release|Any CPU
	EndGlobalSection
EndGlobal
